
Microsoft Visual Studio Solution File, Format Version 12.00
# Visual Studio Version 17
VisualStudioVersion = 17.9.34728.123
MinimumVisualStudioVersion = 10.0.40219.1
Project("{2150E333-8FDC-42A3-9474-1A3956D46DE8}") = "JWT", "JWT", "{C18BF694-FED9-44F3-A9E6-7998A7CB2406}"
EndProject
Project("{9A19103F-16F7-4668-BE54-9A1E7A4F7556}") = "JWT.WebAPI", "JWT\JWT.WebAPI\JWT.WebAPI.csproj", "{72D07C09-FDC2-4EF5-BF1E-09AB1B5C41F1}"
EndProject
Project("{9A19103F-16F7-4668-BE54-9A1E7A4F7556}") = "WebAPI.JWT.Test", "JWT\WebAPI.JWT.Test\WebAPI.JWT.Test.csproj", "{928BEE3D-F78C-4C9B-8C8B-E3DB838E8286}"
EndProject
Project("{FAE04EC0-301F-11D3-BF4B-00C04F79EFBC}") = "SecureKeyGenerator", "SecureKeyGenerator\SecureKeyGenerator.csproj", "{B8B4CB0A-016A-409A-B9C2-4EE308263F5E}"
EndProject
Global
	GlobalSection(SolutionConfigurationPlatforms) = preSolution
		Debug|Any CPU = Debug|Any CPU
		Release|Any CPU = Release|Any CPU
	EndGlobalSection
	GlobalSection(ProjectConfigurationPlatforms) = postSolution
		{72D07C09-FDC2-4EF5-BF1E-09AB1B5C41F1}.Debug|Any CPU.ActiveCfg = Debug|Any CPU
		{72D07C09-FDC2-4EF5-BF1E-09AB1B5C41F1}.Debug|Any CPU.Build.0 = Debug|Any CPU
		{72D07C09-FDC2-4EF5-BF1E-09AB1B5C41F1}.Release|Any CPU.ActiveCfg = Release|Any CPU
		{72D07C09-FDC2-4EF5-BF1E-09AB1B5C41F1}.Release|Any CPU.Build.0 = Release|Any CPU
		{928BEE3D-F78C-4C9B-8C8B-E3DB838E8286}.Debug|Any CPU.ActiveCfg = Debug|Any CPU
		{928BEE3D-F78C-4C9B-8C8B-E3DB838E8286}.Debug|Any CPU.Build.0 = Debug|Any CPU
		{928BEE3D-F78C-4C9B-8C8B-E3DB838E8286}.Release|Any CPU.ActiveCfg = Release|Any CPU
		{928BEE3D-F78C-4C9B-8C8B-E3DB838E8286}.Release|Any CPU.Build.0 = Release|Any CPU
		{B8B4CB0A-016A-409A-B9C2-4EE308263F5E}.Debug|Any CPU.ActiveCfg = Debug|Any CPU
		{B8B4CB0A-016A-409A-B9C2-4EE308263F5E}.Debug|Any CPU.Build.0 = Debug|Any CPU
		{B8B4CB0A-016A-409A-B9C2-4EE308263F5E}.Release|Any CPU.ActiveCfg = Release|Any CPU
		{B8B4CB0A-016A-409A-B9C2-4EE308263F5E}.Release|Any CPU.Build.0 = Release|Any CPU
	EndGlobalSection
	GlobalSection(SolutionProperties) = preSolution
		HideSolutionNode = FALSE
	EndGlobalSection
	GlobalSection(NestedProjects) = preSolution
		{72D07C09-FDC2-4EF5-BF1E-09AB1B5C41F1} = {C18BF694-FED9-44F3-A9E6-7998A7CB2406}
		{928BEE3D-F78C-4C9B-8C8B-E3DB838E8286} = {C18BF694-FED9-44F3-A9E6-7998A7CB2406}
	EndGlobalSection
	GlobalSection(ExtensibilityGlobals) = postSolution
		SolutionGuid = {18959175-36E8-4744-991C-B85498E4A26B}
	EndGlobalSection
EndGlobal
