
Microsoft Visual Studio Solution File, Format Version 12.00
# Visual Studio Version 17
VisualStudioVersion = 17.9.34728.123
MinimumVisualStudioVersion = 10.0.40219.1
Project("{2150E333-8FDC-42A3-9474-1A3956D46DE8}") = "JWTAuth", "JWTAuth", "{C18BF694-FED9-44F3-A9E6-7998A7CB2406}"
EndProject
Project("{9A19103F-16F7-4668-BE54-9A1E7A4F7556}") = "SecureKeyGenerator", "SecureKeyGenerator\SecureKeyGenerator.csproj", "{B8B4CB0A-016A-409A-B9C2-4EE308263F5E}"
EndProject
Project("{2150E333-8FDC-42A3-9474-1A3956D46DE8}") = "Solution Items", "Solution Items", "{C2C4CA81-3AB6-40CB-869E-0C34D961B291}"
	ProjectSection(SolutionItems) = preProject
		README.md = README.md
	EndProjectSection
EndProject
Project("{2150E333-8FDC-42A3-9474-1A3956D46DE8}") = "BasicAuth", "BasicAuth", "{60B8AC13-D092-4478-B23A-48EA41A695E8}"
EndProject
Project("{9A19103F-16F7-4668-BE54-9A1E7A4F7556}") = "JWTAuth.WebAPI", "JWTAuth\JWTAuth.WebAPI\JWTAuth.WebAPI.csproj", "{A4AF9930-0E12-4081-9A25-653C82702E64}"
EndProject
Project("{9A19103F-16F7-4668-BE54-9A1E7A4F7556}") = "JWTAuth.WebAPI.Tests", "JWTAuth\JWTAuth.WebAPI.Test\JWTAuth.WebAPI.Tests.csproj", "{40283C51-0F25-46C6-ACC5-9AD1585934F4}"
EndProject
Project("{9A19103F-16F7-4668-BE54-9A1E7A4F7556}") = "BasicAuth.WebAPI", "BasicAuth\BasicAuth.WebAPI\BasicAuth.WebAPI.csproj", "{7DA99C45-3E29-4932-995A-2D031A2205D3}"
EndProject
Project("{9A19103F-16F7-4668-BE54-9A1E7A4F7556}") = "BasicAuth.WebAPI.Tests", "BasicAuth\BasicAuth.WebAPI.Test\BasicAuth.WebAPI.Tests.csproj", "{DA62F376-E003-4452-8049-901C3B1BCA86}"
EndProject
Project("{2150E333-8FDC-42A3-9474-1A3956D46DE8}") = "OAuth2OpenID", "OAuth2OpenID", "{69482801-6776-4784-B02B-9B0851F479BC}"
EndProject
Project("{FAE04EC0-301F-11D3-BF4B-00C04F79EFBC}") = "OAuth2OpenID.WebAPI", "OAuth2OpenID\OAuth2OpenID.WebAPI\OAuth2OpenID.WebAPI.csproj", "{E2FA61F0-1E0E-4365-B5D1-34B9611869F8}"
EndProject
Project("{FAE04EC0-301F-11D3-BF4B-00C04F79EFBC}") = "OAuth2OpenID.WebAPI.Tests", "OAuth2OpenID\OAuth2OpenID.WebAPI.Tests\OAuth2OpenID.WebAPI.Tests.csproj", "{139C7A33-A245-4EA5-8284-4C7D110B947E}"
EndProject
Global
	GlobalSection(SolutionConfigurationPlatforms) = preSolution
		Debug|Any CPU = Debug|Any CPU
		Release|Any CPU = Release|Any CPU
	EndGlobalSection
	GlobalSection(ProjectConfigurationPlatforms) = postSolution
		{B8B4CB0A-016A-409A-B9C2-4EE308263F5E}.Debug|Any CPU.ActiveCfg = Debug|Any CPU
		{B8B4CB0A-016A-409A-B9C2-4EE308263F5E}.Debug|Any CPU.Build.0 = Debug|Any CPU
		{B8B4CB0A-016A-409A-B9C2-4EE308263F5E}.Release|Any CPU.ActiveCfg = Release|Any CPU
		{B8B4CB0A-016A-409A-B9C2-4EE308263F5E}.Release|Any CPU.Build.0 = Release|Any CPU
		{A4AF9930-0E12-4081-9A25-653C82702E64}.Debug|Any CPU.ActiveCfg = Debug|Any CPU
		{A4AF9930-0E12-4081-9A25-653C82702E64}.Debug|Any CPU.Build.0 = Debug|Any CPU
		{A4AF9930-0E12-4081-9A25-653C82702E64}.Release|Any CPU.ActiveCfg = Release|Any CPU
		{A4AF9930-0E12-4081-9A25-653C82702E64}.Release|Any CPU.Build.0 = Release|Any CPU
		{40283C51-0F25-46C6-ACC5-9AD1585934F4}.Debug|Any CPU.ActiveCfg = Debug|Any CPU
		{40283C51-0F25-46C6-ACC5-9AD1585934F4}.Debug|Any CPU.Build.0 = Debug|Any CPU
		{40283C51-0F25-46C6-ACC5-9AD1585934F4}.Release|Any CPU.ActiveCfg = Release|Any CPU
		{40283C51-0F25-46C6-ACC5-9AD1585934F4}.Release|Any CPU.Build.0 = Release|Any CPU
		{7DA99C45-3E29-4932-995A-2D031A2205D3}.Debug|Any CPU.ActiveCfg = Debug|Any CPU
		{7DA99C45-3E29-4932-995A-2D031A2205D3}.Debug|Any CPU.Build.0 = Debug|Any CPU
		{7DA99C45-3E29-4932-995A-2D031A2205D3}.Release|Any CPU.ActiveCfg = Release|Any CPU
		{7DA99C45-3E29-4932-995A-2D031A2205D3}.Release|Any CPU.Build.0 = Release|Any CPU
		{DA62F376-E003-4452-8049-901C3B1BCA86}.Debug|Any CPU.ActiveCfg = Debug|Any CPU
		{DA62F376-E003-4452-8049-901C3B1BCA86}.Debug|Any CPU.Build.0 = Debug|Any CPU
		{DA62F376-E003-4452-8049-901C3B1BCA86}.Release|Any CPU.ActiveCfg = Release|Any CPU
		{DA62F376-E003-4452-8049-901C3B1BCA86}.Release|Any CPU.Build.0 = Release|Any CPU
		{E2FA61F0-1E0E-4365-B5D1-34B9611869F8}.Debug|Any CPU.ActiveCfg = Debug|Any CPU
		{E2FA61F0-1E0E-4365-B5D1-34B9611869F8}.Debug|Any CPU.Build.0 = Debug|Any CPU
		{E2FA61F0-1E0E-4365-B5D1-34B9611869F8}.Release|Any CPU.ActiveCfg = Release|Any CPU
		{E2FA61F0-1E0E-4365-B5D1-34B9611869F8}.Release|Any CPU.Build.0 = Release|Any CPU
		{139C7A33-A245-4EA5-8284-4C7D110B947E}.Debug|Any CPU.ActiveCfg = Debug|Any CPU
		{139C7A33-A245-4EA5-8284-4C7D110B947E}.Debug|Any CPU.Build.0 = Debug|Any CPU
		{139C7A33-A245-4EA5-8284-4C7D110B947E}.Release|Any CPU.ActiveCfg = Release|Any CPU
		{139C7A33-A245-4EA5-8284-4C7D110B947E}.Release|Any CPU.Build.0 = Release|Any CPU
	EndGlobalSection
	GlobalSection(SolutionProperties) = preSolution
		HideSolutionNode = FALSE
	EndGlobalSection
	GlobalSection(NestedProjects) = preSolution
		{A4AF9930-0E12-4081-9A25-653C82702E64} = {C18BF694-FED9-44F3-A9E6-7998A7CB2406}
		{40283C51-0F25-46C6-ACC5-9AD1585934F4} = {C18BF694-FED9-44F3-A9E6-7998A7CB2406}
		{7DA99C45-3E29-4932-995A-2D031A2205D3} = {60B8AC13-D092-4478-B23A-48EA41A695E8}
		{DA62F376-E003-4452-8049-901C3B1BCA86} = {60B8AC13-D092-4478-B23A-48EA41A695E8}
		{E2FA61F0-1E0E-4365-B5D1-34B9611869F8} = {69482801-6776-4784-B02B-9B0851F479BC}
		{139C7A33-A245-4EA5-8284-4C7D110B947E} = {69482801-6776-4784-B02B-9B0851F479BC}
	EndGlobalSection
	GlobalSection(ExtensibilityGlobals) = postSolution
		SolutionGuid = {18959175-36E8-4744-991C-B85498E4A26B}
	EndGlobalSection
EndGlobal
